dependencies:
- name: postgresql
  repository: https://charts.bitnami.com/bitnami
  version: 11.6.26
- name: redis
  repository: https://charts.bitnami.com/bitnami
  version: 17.1.4
- name: cassandra
  repository: https://charts.bitnami.com/bitnami
  version: 9.4.2
digest: sha256:350dced962ff584b2da80a1ddf5c27c77025871279174813466d935f443b9ab7
generated: "2022-09-06T17:50:36.921231928Z"
