dependencies:
- name: postgresql
  repository: https://charts.bitnami.com/bitnami
  version: 12.1.6
- name: redis
  repository: https://charts.bitnami.com/bitnami
  version: 17.4.0
digest: sha256:bfd5c37452a401a02e33d4a27ce34361cfdfa5cd11525e79c14f1f88ebfa4b22
generated: "2022-12-29T21:26:19.347194287-07:00"
