dependencies:
- name: postgresql
  repository: https://charts.bitnami.com/bitnami
  version: 12.1.14
- name: redis
  repository: https://charts.bitnami.com/bitnami
  version: 17.7.1
digest: sha256:852ef3198ee7edbba9defb2fdadad7551da05701cc7cba003f462a5acf7fa4ca
generated: "2023-02-04T00:05:57.935349671Z"
