dependencies:
- name: postgresql
  repository: https://charts.bitnami.com/bitnami
  version: 12.5.2
- name: redis
  repository: https://charts.bitnami.com/bitnami
  version: 17.11.2
- name: common
  repository: https://charts.bitnami.com/bitnami
  version: 2.4.0
digest: sha256:2bdc0a4f919a74cd3e35a34828622b69230ea058572c8e812dcbfacb2f562f20
generated: "2023-05-19T21:45:28.521546752Z"
