dependencies:
- name: postgresql
  repository: https://charts.bitnami.com/bitnami
  version: 12.8.0
- name: redis
  repository: https://charts.bitnami.com/bitnami
  version: 17.14.6
- name: common
  repository: https://charts.bitnami.com/bitnami
  version: 2.8.0
digest: sha256:b1ffc434fd36b410c94c68b1dec81c96000004b2f631d5e16f1a20a32a3ad6a3
generated: "2023-08-08T11:32:58.35992402Z"
